// !$*UTF8*$!
{
	archiveVersion = 1;
	classes = {
	};
	objectVersion = 46;
	objects = {

/* Begin PBXBuildFile section */
		01F3C4581F291EA9007B4AD2 /* AppDelegate.swift in Sources */ = {isa = PBXBuildFile; fileRef = 01F3C4571F291EA9007B4AD2 /* AppDelegate.swift */; };
		01F3C45A1F291EA9007B4AD2 /* ViewController.swift in Sources */ = {isa = PBXBuildFile; fileRef = 01F3C4591F291EA9007B4AD2 /* ViewController.swift */; };
		01F3C45D1F291EA9007B4AD2 /* Main.storyboard in Resources */ = {isa = PBXBuildFile; fileRef = 01F3C45B1F291EA9007B4AD2 /* Main.storyboard */; };
		01F3C45F1F291EA9007B4AD2 /* Assets.xcassets in Resources */ = {isa = PBXBuildFile; fileRef = 01F3C45E1F291EA9007B4AD2 /* Assets.xcassets */; };
		01F3C4621F291EA9007B4AD2 /* LaunchScreen.storyboard in Resources */ = {isa = PBXBuildFile; fileRef = 01F3C4601F291EA9007B4AD2 /* LaunchScreen.storyboard */; };
/* End PBXBuildFile section */

/* Begin PBXFileReference section */
		01F3C4541F291EA9007B4AD2 /* GiftBag.app */ = {isa = PBXFileReference; explicitFileType = wrapper.application; includeInIndex = 0; path = GiftBag.app; sourceTree = BUILT_PRODUCTS_DIR; };
		01F3C4571F291EA9007B4AD2 /* AppDelegate.swift */ = {isa = PBXFileReference; lastKnownFileType = sourcecode.swift; path = AppDelegate.swift; sourceTree = "<group>"; };
		01F3C4591F291EA9007B4AD2 /* ViewController.swift */ = {isa = PBXFileReference; lastKnownFileType = sourcecode.swift; path = ViewController.swift; sourceTree = "<group>"; };
		01F3C45C1F291EA9007B4AD2 /* Base */ = {isa = PBXFileReference; lastKnownFileType = file.storyboard; name = Base; path = Base.lproj/Main.storyboard; sourceTree = "<group>"; };
		01F3C45E1F291EA9007B4AD2 /* Assets.xcassets */ = {isa = PBXFileReference; lastKnownFileType = folder.assetcatalog; path = Assets.xcassets; sourceTree = "<group>"; };
		01F3C4611F291EA9007B4AD2 /* Base */ = {isa = PBXFileReference; lastKnownFileType = file.storyboard; name = Base; path = Base.lproj/LaunchScreen.storyboard; sourceTree = "<group>"; };
		01F3C4631F291EA9007B4AD2 /* Info.plist */ = {isa = PBXFileReference; lastKnownFileType = text.plist.xml; path = Info.plist; sourceTree = "<group>"; };
/* End PBXFileReference section */

/* Begin PBXFrameworksBuildPhase section */
		01F3C4511F291EA9007B4AD2 /* Frameworks */ = {
			isa = PBXFrameworksBuildPhase;
			buildActionMask = 2147483647;
			files = (
			);
			runOnlyForDeploymentPostprocessing = 0;
		};
/* End PBXFrameworksBuildPhase section */

/* Begin PBXGroup section */
		01F3C44B1F291EA9007B4AD2 = {
			isa = PBXGroup;
			children = (
				01F3C4561F291EA9007B4AD2 /* GiftBag */,
				01F3C4551F291EA9007B4AD2 /* Products */,
			);
			sourceTree = "<group>";
		};
		01F3C4551F291EA9007B4AD2 /* Products */ = {
			isa = PBXGroup;
			children = (
				01F3C4541F291EA9007B4AD2 /* GiftBag.app */,
			);
			name = Products;
			sourceTree = "<group>";
		};
		01F3C4561F291EA9007B4AD2 /* GiftBag */ = {
			isa = PBXGroup;
			children = (
				01F3C4571F291EA9007B4AD2 /* AppDelegate.swift */,
				01F3C4591F291EA9007B4AD2 /* ViewController.swift */,
				01F3C45B1F291EA9007B4AD2 /* Main.storyboard */,
				01F3C45E1F291EA9007B4AD2 /* Assets.xcassets */,
				01F3C4601F291EA9007B4AD2 /* LaunchScreen.storyboard */,
				01F3C4631F291EA9007B4AD2 /* Info.plist */,
			);
			path = GiftBag;
			sourceTree = "<group>";
		};
/* End PBXGroup section */

/* Begin PBXNativeTarget section */
		01F3C4531F291EA9007B4AD2 /* GiftBag */ = {
			isa = PBXNativeTarget;
			buildConfigurationList = 01F3C4661F291EA9007B4AD2 /* Build configuration list for PBXNativeTarget "GiftBag" */;
			buildPhases = (
				01F3C4501F291EA9007B4AD2 /* Sources */,
				01F3C4511F291EA9007B4AD2 /* Frameworks */,
				01F3C4521F291EA9007B4AD2 /* Resources */,
			);
			buildRules = (
			);
			dependencies = (
			);
			name = GiftBag;
			productName = GiftBag;
			productReference = 01F3C4541F291EA9007B4AD2 /* GiftBag.app */;
			productType = "com.apple.product-type.application";
		};
/* End PBXNativeTarget section */

/* Begin PBXProject section */
		01F3C44C1F291EA9007B4AD2 /* Project object */ = {
			isa = PBXProject;
			attributes = {
				LastSwiftUpdateCheck = 0830;
				LastUpgradeCheck = 0830;
				ORGANIZATIONNAME = "Mariano Montori";
				TargetAttributes = {
					01F3C4531F291EA9007B4AD2 = {
						CreatedOnToolsVersion = 8.3.3;
						DevelopmentTeam = VS6BGM3X64;
						ProvisioningStyle = Automatic;
					};
				};
			};
			buildConfigurationList = 01F3C44F1F291EA9007B4AD2 /* Build configuration list for PBXProject "GiftBag" */;
			compatibilityVersion = "Xcode 3.2";
			developmentRegion = English;
			hasScannedForEncodings = 0;
			knownRegions = (
				en,
				Base,
			);
			mainGroup = 01F3C44B1F291EA9007B4AD2;
			productRefGroup = 01F3C4551F291EA9007B4AD2 /* Products */;
			projectDirPath = "";
			projectRoot = "";
			targets = (
				01F3C4531F291EA9007B4AD2 /* GiftBag */,
			);
		};
/* End PBXProject section */

/* Begin PBXResourcesBuildPhase section */
		01F3C4521F291EA9007B4AD2 /* Resources */ = {
			isa = PBXResourcesBuildPhase;
			buildActionMask = 2147483647;
			files = (
				01F3C4621F291EA9007B4AD2 /* LaunchScreen.storyboard in Resources */,
				01F3C45F1F291EA9007B4AD2 /* Assets.xcassets in Resources */,
				01F3C45D1F291EA9007B4AD2 /* Main.storyboard in Resources */,
			);
			runOnlyForDeploymentPostprocessing = 0;
		};
/* End PBXResourcesBuildPhase section */

/* Begin PBXSourcesBuildPhase section */
		01F3C4501F291EA9007B4AD2 /* Sources */ = {
			isa = PBXSourcesBuildPhase;
			buildActionMask = 2147483647;
			files = (
				01F3C45A1F291EA9007B4AD2 /* ViewController.swift in Sources */,
				01F3C4581F291EA9007B4AD2 /* AppDelegate.swift in Sources */,
			);
			runOnlyForDeploymentPostprocessing = 0;
		};
/* End PBXSourcesBuildPhase section */

/* Begin PBXVariantGroup section */
		01F3C45B1F291EA9007B4AD2 /* Main.storyboard */ = {
			isa = PBXVariantGroup;
			children = (
				01F3C45C1F291EA9007B4AD2 /* Base */,
			);
			name = Main.storyboard;
			sourceTree = "<group>";
		};
		01F3C4601F291EA9007B4AD2 /* LaunchScreen.storyboard */ = {
			isa = PBXVariantGroup;
			children = (
				01F3C4611F291EA9007B4AD2 /* Base */,
			);
			name = LaunchScreen.storyboard;
			sourceTree = "<group>";
		};
/* End PBXVariantGroup section */

/* Begin XCBuildConfiguration section */
		01F3C4641F291EA9007B4AD2 /* Debug */ = {
			isa = XCBuildConfiguration;
			buildSettings = {
				ALWAYS_SEARCH_USER_PATHS = NO;
				CLANG_ANALYZER_NONNULL = YES;
				CLANG_ANALYZER_NUMBER_OBJECT_CONVERSION = YES_AGGRESSIVE;
				CLANG_CXX_LANGUAGE_STANDARD = "gnu++0x";
				CLANG_CXX_LIBRARY = "libc++";
				CLANG_ENABLE_MODULES = YES;
				CLANG_ENABLE_OBJC_ARC = YES;
				CLANG_WARN_BOOL_CONVERSION = YES;
				CLANG_WARN_CONSTANT_CONVERSION = YES;
				CLANG_WARN_DIRECT_OBJC_ISA_USAGE = YES_ERROR;
				CLANG_WARN_DOCUMENTATION_COMMENTS = YES;
				CLANG_WARN_EMPTY_BODY = YES;
				CLANG_WARN_ENUM_CONVERSION = YES;
				CLANG_WARN_INFINITE_RECURSION = YES;
				CLANG_WARN_INT_CONVERSION = YES;
				CLANG_WARN_OBJC_ROOT_CLASS = YES_ERROR;
				CLANG_WARN_SUSPICIOUS_MOVE = YES;
				CLANG_WARN_UNREACHABLE_CODE = YES;
				CLANG_WARN__DUPLICATE_METHOD_MATCH = YES;
				"CODE_SIGN_IDENTITY[sdk=iphoneos*]" = "iPhone Developer";
				COPY_PHASE_STRIP = NO;
				DEBUG_INFORMATION_FORMAT = dwarf;
				ENABLE_STRICT_OBJC_MSGSEND = YES;
				ENABLE_TESTABILITY = YES;
				GCC_C_LANGUAGE_STANDARD = gnu99;
				GCC_DYNAMIC_NO_PIC = NO;
				GCC_NO_COMMON_BLOCKS = YES;
				GCC_OPTIMIZATION_LEVEL = 0;
				GCC_PREPROCESSOR_DEFINITIONS = (
					"DEBUG=1",
					"$(inherited)",
				);
				GCC_WARN_64_TO_32_BIT_CONVERSION = YES;
				GCC_WARN_ABOUT_RETURN_TYPE = YES_ERROR;
				GCC_WARN_UNDECLARED_SELECTOR = YES;
				GCC_WARN_UNINITIALIZED_AUTOS = YES_AGGRESSIVE;
				GCC_WARN_UNUSED_FUNCTION = YES;
				GCC_WARN_UNUSED_VARIABLE = YES;
				IPHONEOS_DEPLOYMENT_TARGET = 10.3;
				MTL_ENABLE_DEBUG_INFO = YES;
				ONLY_ACTIVE_ARCH = YES;
				SDKROOT = iphoneos;
				SWIFT_ACTIVE_COMPILATION_CONDITIONS = DEBUG;
				SWIFT_OPTIMIZATION_LEVEL = "-Onone";
				TARGETED_DEVICE_FAMILY = "1,2";
			};
			name = Debug;
		};
		01F3C4651F291EA9007B4AD2 /* Release */ = {
			isa = XCBuildConfiguration;
			buildSettings = {
				ALWAYS_SEARCH_USER_PATHS = NO;
				CLANG_ANALYZER_NONNULL = YES;
				CLANG_ANALYZER_NUMBER_OBJECT_CONVERSION = YES_AGGRESSIVE;
				CLANG_CXX_LANGUAGE_STANDARD = "gnu++0x";
				CLANG_CXX_LIBRARY = "libc++";
				CLANG_ENABLE_MODULES = YES;
				CLANG_ENABLE_OBJC_ARC = YES;
				CLANG_WARN_BOOL_CONVERSION = YES;
				CLANG_WARN_CONSTANT_CONVERSION = YES;
				CLANG_WARN_DIRECT_OBJC_ISA_USAGE = YES_ERROR;
				CLANG_WARN_DOCUMENTATION_COMMENTS = YES;
				CLANG_WARN_EMPTY_BODY = YES;
				CLANG_WARN_ENUM_CONVERSION = YES;
				CLANG_WARN_INFINITE_RECURSION = YES;
				CLANG_WARN_INT_CONVERSION = YES;
				CLANG_WARN_OBJC_ROOT_CLASS = YES_ERROR;
				CLANG_WARN_SUSPICIOUS_MOVE = YES;
				CLANG_WARN_UNREACHABLE_CODE = YES;
				CLANG_WARN__DUPLICATE_METHOD_MATCH = YES;
				"CODE_SIGN_IDENTITY[sdk=iphoneos*]" = "iPhone Developer";
				COPY_PHASE_STRIP = NO;
				DEBUG_INFORMATION_FORMAT = "dwarf-with-dsym";
				ENABLE_NS_ASSERTIONS = NO;
				ENABLE_STRICT_OBJC_MSGSEND = YES;
				GCC_C_LANGUAGE_STANDARD = gnu99;
				GCC_NO_COMMON_BLOCKS = YES;
				GCC_WARN_64_TO_32_BIT_CONVERSION = YES;
				GCC_WARN_ABOUT_RETURN_TYPE = YES_ERROR;
				GCC_WARN_UNDECLARED_SELECTOR = YES;
				GCC_WARN_UNINITIALIZED_AUTOS = YES_AGGRESSIVE;
				GCC_WARN_UNUSED_FUNCTION = YES;
				GCC_WARN_UNUSED_VARIABLE = YES;
				IPHONEOS_DEPLOYMENT_TARGET = 10.3;
				MTL_ENABLE_DEBUG_INFO = NO;
				SDKROOT = iphoneos;
				SWIFT_OPTIMIZATION_LEVEL = "-Owholemodule";
				TARGETED_DEVICE_FAMILY = "1,2";
				VALIDATE_PRODUCT = YES;
			};
			name = Release;
		};
		01F3C4671F291EA9007B4AD2 /* Debug */ = {
			isa = XCBuildConfiguration;
			buildSettings = {
				ASSETCATALOG_COMPILER_APPICON_NAME = AppIcon;
				DEVELOPMENT_TEAM = VS6BGM3X64;
				INFOPLIST_FILE = GiftBag/Info.plist;
				LD_RUNPATH_SEARCH_PATHS = "$(inherited) @executable_path/Frameworks";
				PRODUCT_BUNDLE_IDENTIFIER = com.montoridev.GiftBag;
				PRODUCT_NAME = "$(TARGET_NAME)";
				SWIFT_VERSION = 3.0;
			};
			name = Debug;
		};
		01F3C4681F291EA9007B4AD2 /* Release */ = {
			isa = XCBuildConfiguration;
			buildSettings = {
				ASSETCATALOG_COMPILER_APPICON_NAME = AppIcon;
				DEVELOPMENT_TEAM = VS6BGM3X64;
				INFOPLIST_FILE = GiftBag/Info.plist;
				LD_RUNPATH_SEARCH_PATHS = "$(inherited) @executable_path/Frameworks";
				PRODUCT_BUNDLE_IDENTIFIER = com.montoridev.GiftBag;
				PRODUCT_NAME = "$(TARGET_NAME)";
				SWIFT_VERSION = 3.0;
			};
			name = Release;
		};
/* End XCBuildConfiguration section */

/* Begin XCConfigurationList section */
		01F3C44F1F291EA9007B4AD2 /* Build configuration list for PBXProject "GiftBag" */ = {
			isa = XCConfigurationList;
			buildConfigurations = (
				01F3C4641F291EA9007B4AD2 /* Debug */,
				01F3C4651F291EA9007B4AD2 /* Release */,
			);
			defaultConfigurationIsVisible = 0;
			defaultConfigurationName = Release;
		};
		01F3C4661F291EA9007B4AD2 /* Build configuration list for PBXNativeTarget "GiftBag" */ = {
			isa = XCConfigurationList;
			buildConfigurations = (
				01F3C4671F291EA9007B4AD2 /* Debug */,
				01F3C4681F291EA9007B4AD2 /* Release */,
			);
			defaultConfigurationIsVisible = 0;
		};
/* End XCConfigurationList section */
	};
	rootObject = 01F3C44C1F291EA9007B4AD2 /* Project object */;
}
